
Microsoft Visual Studio Solution File, Format Version 12.00
# Visual Studio 15
VisualStudioVersion = 15.0.28307.852
MinimumVisualStudioVersion = 10.0.40219.1
Project("{E24C65DC-7377-472B-9ABA-BC803B73C61A}") = "PAI.LABO2.Zadanie1", "PAI.LABO2.Zadanie1\", "{7A7A3D62-73D7-4F7F-B1AF-54E96123F0A2}"
	ProjectSection(WebsiteProperties) = preProject
		TargetFrameworkMoniker = ".NETFramework,Version%3Dv4.6.1"
		Debug.AspNetCompiler.VirtualPath = "/localhost_52211"
		Debug.AspNetCompiler.PhysicalPath = "PAI.LABO2.Zadanie1\"
		Debug.AspNetCompiler.TargetPath = "PrecompiledWeb\localhost_52211\"
		Debug.AspNetCompiler.Updateable = "true"
		Debug.AspNetCompiler.ForceOverwrite = "true"
		Debug.AspNetCompiler.FixedNames = "false"
		Debug.AspNetCompiler.Debug = "True"
		Release.AspNetCompiler.VirtualPath = "/localhost_52211"
		Release.AspNetCompiler.PhysicalPath = "PAI.LABO2.Zadanie1\"
		Release.AspNetCompiler.TargetPath = "PrecompiledWeb\localhost_52211\"
		Release.AspNetCompiler.Updateable = "true"
		Release.AspNetCompiler.ForceOverwrite = "true"
		Release.AspNetCompiler.FixedNames = "false"
		Release.AspNetCompiler.Debug = "False"
		VWDPort = "52211"
		SlnRelativePath = "PAI.LABO2.Zadanie1\"
		DefaultWebSiteLanguage = "Visual C#"
	EndProjectSection
EndProject
Project("{E24C65DC-7377-472B-9ABA-BC803B73C61A}") = "Zadanie3", "Zadanie3\", "{8C099B5B-F199-47CA-9841-90D9658B8235}"
	ProjectSection(WebsiteProperties) = preProject
		TargetFrameworkMoniker = ".NETFramework,Version%3Dv4.6.1"
		Debug.AspNetCompiler.VirtualPath = "/localhost_56112"
		Debug.AspNetCompiler.PhysicalPath = "Zadanie3\"
		Debug.AspNetCompiler.TargetPath = "PrecompiledWeb\localhost_56112\"
		Debug.AspNetCompiler.Updateable = "true"
		Debug.AspNetCompiler.ForceOverwrite = "true"
		Debug.AspNetCompiler.FixedNames = "false"
		Debug.AspNetCompiler.Debug = "True"
		Release.AspNetCompiler.VirtualPath = "/localhost_56112"
		Release.AspNetCompiler.PhysicalPath = "Zadanie3\"
		Release.AspNetCompiler.TargetPath = "PrecompiledWeb\localhost_56112\"
		Release.AspNetCompiler.Updateable = "true"
		Release.AspNetCompiler.ForceOverwrite = "true"
		Release.AspNetCompiler.FixedNames = "false"
		Release.AspNetCompiler.Debug = "False"
		VWDPort = "56112"
		SlnRelativePath = "Zadanie3\"
		DefaultWebSiteLanguage = "Visual C#"
	EndProjectSection
EndProject
Project("{E24C65DC-7377-472B-9ABA-BC803B73C61A}") = "LABO2.ZAD3.AnkietaRowerowa", "LABO2.ZAD3.AnkietaRowerowa\", "{D98CE38E-DDCF-4503-A1B6-6DC7690E6A57}"
	ProjectSection(WebsiteProperties) = preProject
		TargetFrameworkMoniker = ".NETFramework,Version%3Dv4.6.1"
		Debug.AspNetCompiler.VirtualPath = "/localhost_55474"
		Debug.AspNetCompiler.PhysicalPath = "LABO2.ZAD3.AnkietaRowerowa\"
		Debug.AspNetCompiler.TargetPath = "PrecompiledWeb\localhost_55474\"
		Debug.AspNetCompiler.Updateable = "true"
		Debug.AspNetCompiler.ForceOverwrite = "true"
		Debug.AspNetCompiler.FixedNames = "false"
		Debug.AspNetCompiler.Debug = "True"
		Release.AspNetCompiler.VirtualPath = "/localhost_55474"
		Release.AspNetCompiler.PhysicalPath = "LABO2.ZAD3.AnkietaRowerowa\"
		Release.AspNetCompiler.TargetPath = "PrecompiledWeb\localhost_55474\"
		Release.AspNetCompiler.Updateable = "true"
		Release.AspNetCompiler.ForceOverwrite = "true"
		Release.AspNetCompiler.FixedNames = "false"
		Release.AspNetCompiler.Debug = "False"
		VWDPort = "55474"
		SlnRelativePath = "LABO2.ZAD3.AnkietaRowerowa\"
		DefaultWebSiteLanguage = "Visual C#"
	EndProjectSection
EndProject
Project("{E24C65DC-7377-472B-9ABA-BC803B73C61A}") = "LABO2.ZAD3.AnkietaOdzieżowa", "LABO2.ZAD3.AnkietaOdzieżowa\", "{B53F5409-2B8F-46F3-8B33-DD4466244012}"
	ProjectSection(WebsiteProperties) = preProject
		TargetFrameworkMoniker = ".NETFramework,Version%3Dv4.6.1"
		Debug.AspNetCompiler.VirtualPath = "/localhost_51273"
		Debug.AspNetCompiler.PhysicalPath = "LABO2.ZAD3.AnkietaOdzieżowa\"
		Debug.AspNetCompiler.TargetPath = "PrecompiledWeb\localhost_51273\"
		Debug.AspNetCompiler.Updateable = "true"
		Debug.AspNetCompiler.ForceOverwrite = "true"
		Debug.AspNetCompiler.FixedNames = "false"
		Debug.AspNetCompiler.Debug = "True"
		Release.AspNetCompiler.VirtualPath = "/localhost_51273"
		Release.AspNetCompiler.PhysicalPath = "LABO2.ZAD3.AnkietaOdzieżowa\"
		Release.AspNetCompiler.TargetPath = "PrecompiledWeb\localhost_51273\"
		Release.AspNetCompiler.Updateable = "true"
		Release.AspNetCompiler.ForceOverwrite = "true"
		Release.AspNetCompiler.FixedNames = "false"
		Release.AspNetCompiler.Debug = "False"
		VWDPort = "51273"
		SlnRelativePath = "LABO2.ZAD3.AnkietaOdzieżowa\"
		DefaultWebSiteLanguage = "Visual C#"
	EndProjectSection
EndProject
Project("{E24C65DC-7377-472B-9ABA-BC803B73C61A}") = "LABO2.ZAD3.Web4Lab", "LABO2.ZAD3.Web4Lab\", "{63EDAB6F-4E05-4CFC-A548-95979976DA1E}"
	ProjectSection(WebsiteProperties) = preProject
		TargetFrameworkMoniker = ".NETFramework,Version%3Dv4.6.1"
		Debug.AspNetCompiler.VirtualPath = "/localhost_52697"
		Debug.AspNetCompiler.PhysicalPath = "LABO2.ZAD3.Web4Lab\"
		Debug.AspNetCompiler.TargetPath = "PrecompiledWeb\localhost_52697\"
		Debug.AspNetCompiler.Updateable = "true"
		Debug.AspNetCompiler.ForceOverwrite = "true"
		Debug.AspNetCompiler.FixedNames = "false"
		Debug.AspNetCompiler.Debug = "True"
		Release.AspNetCompiler.VirtualPath = "/localhost_52697"
		Release.AspNetCompiler.PhysicalPath = "LABO2.ZAD3.Web4Lab\"
		Release.AspNetCompiler.TargetPath = "PrecompiledWeb\localhost_52697\"
		Release.AspNetCompiler.Updateable = "true"
		Release.AspNetCompiler.ForceOverwrite = "true"
		Release.AspNetCompiler.FixedNames = "false"
		Release.AspNetCompiler.Debug = "False"
		VWDPort = "52697"
		SlnRelativePath = "LABO2.ZAD3.Web4Lab\"
		DefaultWebSiteLanguage = "Visual C#"
	EndProjectSection
EndProject
Global
	GlobalSection(SolutionConfigurationPlatforms) = preSolution
		Debug|Any CPU = Debug|Any CPU
		Release|Any CPU = Release|Any CPU
	EndGlobalSection
	GlobalSection(ProjectConfigurationPlatforms) = postSolution
		{7A7A3D62-73D7-4F7F-B1AF-54E96123F0A2}.Debug|Any CPU.ActiveCfg = Debug|Any CPU
		{7A7A3D62-73D7-4F7F-B1AF-54E96123F0A2}.Debug|Any CPU.Build.0 = Debug|Any CPU
		{7A7A3D62-73D7-4F7F-B1AF-54E96123F0A2}.Release|Any CPU.ActiveCfg = Debug|Any CPU
		{7A7A3D62-73D7-4F7F-B1AF-54E96123F0A2}.Release|Any CPU.Build.0 = Debug|Any CPU
		{8C099B5B-F199-47CA-9841-90D9658B8235}.Debug|Any CPU.ActiveCfg = Debug|Any CPU
		{8C099B5B-F199-47CA-9841-90D9658B8235}.Debug|Any CPU.Build.0 = Debug|Any CPU
		{8C099B5B-F199-47CA-9841-90D9658B8235}.Release|Any CPU.ActiveCfg = Debug|Any CPU
		{8C099B5B-F199-47CA-9841-90D9658B8235}.Release|Any CPU.Build.0 = Debug|Any CPU
		{D98CE38E-DDCF-4503-A1B6-6DC7690E6A57}.Debug|Any CPU.ActiveCfg = Debug|Any CPU
		{D98CE38E-DDCF-4503-A1B6-6DC7690E6A57}.Debug|Any CPU.Build.0 = Debug|Any CPU
		{D98CE38E-DDCF-4503-A1B6-6DC7690E6A57}.Release|Any CPU.ActiveCfg = Debug|Any CPU
		{D98CE38E-DDCF-4503-A1B6-6DC7690E6A57}.Release|Any CPU.Build.0 = Debug|Any CPU
		{B53F5409-2B8F-46F3-8B33-DD4466244012}.Debug|Any CPU.ActiveCfg = Debug|Any CPU
		{B53F5409-2B8F-46F3-8B33-DD4466244012}.Debug|Any CPU.Build.0 = Debug|Any CPU
		{B53F5409-2B8F-46F3-8B33-DD4466244012}.Release|Any CPU.ActiveCfg = Debug|Any CPU
		{B53F5409-2B8F-46F3-8B33-DD4466244012}.Release|Any CPU.Build.0 = Debug|Any CPU
		{63EDAB6F-4E05-4CFC-A548-95979976DA1E}.Debug|Any CPU.ActiveCfg = Debug|Any CPU
		{63EDAB6F-4E05-4CFC-A548-95979976DA1E}.Debug|Any CPU.Build.0 = Debug|Any CPU
		{63EDAB6F-4E05-4CFC-A548-95979976DA1E}.Release|Any CPU.ActiveCfg = Debug|Any CPU
		{63EDAB6F-4E05-4CFC-A548-95979976DA1E}.Release|Any CPU.Build.0 = Debug|Any CPU
	EndGlobalSection
	GlobalSection(SolutionProperties) = preSolution
		HideSolutionNode = FALSE
	EndGlobalSection
	GlobalSection(ExtensibilityGlobals) = postSolution
		SolutionGuid = {D289ECFF-747D-4DE3-BA99-59DD7936B4A2}
	EndGlobalSection
EndGlobal
