
Microsoft Visual Studio Solution File, Format Version 12.00
# Visual Studio 15
VisualStudioVersion = 15.0.28307.852
MinimumVisualStudioVersion = 10.0.40219.1
Project("{E24C65DC-7377-472B-9ABA-BC803B73C61A}") = "ZAD10LAbo", "ZAD10LAbo\", "{D5FC3238-4710-4002-9734-A1DB7F3FDB5C}"
	ProjectSection(WebsiteProperties) = preProject
		TargetFrameworkMoniker = ".NETFramework,Version%3Dv4.6.1"
		Debug.AspNetCompiler.VirtualPath = "/localhost_50118"
		Debug.AspNetCompiler.PhysicalPath = "ZAD10LAbo\"
		Debug.AspNetCompiler.TargetPath = "PrecompiledWeb\localhost_50118\"
		Debug.AspNetCompiler.Updateable = "true"
		Debug.AspNetCompiler.ForceOverwrite = "true"
		Debug.AspNetCompiler.FixedNames = "false"
		Debug.AspNetCompiler.Debug = "True"
		Release.AspNetCompiler.VirtualPath = "/localhost_50118"
		Release.AspNetCompiler.PhysicalPath = "ZAD10LAbo\"
		Release.AspNetCompiler.TargetPath = "PrecompiledWeb\localhost_50118\"
		Release.AspNetCompiler.Updateable = "true"
		Release.AspNetCompiler.ForceOverwrite = "true"
		Release.AspNetCompiler.FixedNames = "false"
		Release.AspNetCompiler.Debug = "False"
		VWDPort = "50118"
		SlnRelativePath = "ZAD10LAbo\"
		DefaultWebSiteLanguage = "Visual C#"
	EndProjectSection
EndProject
Global
	GlobalSection(SolutionConfigurationPlatforms) = preSolution
		Debug|Any CPU = Debug|Any CPU
	EndGlobalSection
	GlobalSection(ProjectConfigurationPlatforms) = postSolution
		{D5FC3238-4710-4002-9734-A1DB7F3FDB5C}.Debug|Any CPU.ActiveCfg = Debug|Any CPU
		{D5FC3238-4710-4002-9734-A1DB7F3FDB5C}.Debug|Any CPU.Build.0 = Debug|Any CPU
	EndGlobalSection
	GlobalSection(SolutionProperties) = preSolution
		HideSolutionNode = FALSE
	EndGlobalSection
	GlobalSection(ExtensibilityGlobals) = postSolution
		SolutionGuid = {D1987040-7B6F-4FC3-883E-7004F05C7928}
	EndGlobalSection
EndGlobal
